// !$*UTF8*$!
{
	archiveVersion = 1;
	classes = {
	};
	objectVersion = 51;
	objects = {

/* Begin PBXBuildFile section */
		73EB4131255B39290057B5D3 /* HealthAndWellness_StoryBoard.storyboard in Resources */ = {isa = PBXBuildFile; fileRef = 73EB4130255B39290057B5D3 /* HealthAndWellness_StoryBoard.storyboard */; };
		7684F5FA254B6AEB00882335 /* AcademicDevelopmentCategory.storyboard in Resources */ = {isa = PBXBuildFile; fileRef = 7684F5F9254B6AEB00882335 /* AcademicDevelopmentCategory.storyboard */; };
		A21732042533AC4A00B3265F /* AppDelegate.swift in Sources */ = {isa = PBXBuildFile; fileRef = A21732032533AC4A00B3265F /* AppDelegate.swift */; };
		A21732062533AC4A00B3265F /* ViewController.swift in Sources */ = {isa = PBXBuildFile; fileRef = A21732052533AC4A00B3265F /* ViewController.swift */; };
		A21732092533AC4A00B3265F /* Main.storyboard in Resources */ = {isa = PBXBuildFile; fileRef = A21732072533AC4A00B3265F /* Main.storyboard */; };
		A217320B2533AC4D00B3265F /* Assets.xcassets in Resources */ = {isa = PBXBuildFile; fileRef = A217320A2533AC4D00B3265F /* Assets.xcassets */; };
		A217320E2533AC4D00B3265F /* LaunchScreen.storyboard in Resources */ = {isa = PBXBuildFile; fileRef = A217320C2533AC4D00B3265F /* LaunchScreen.storyboard */; };
		A250BB462538E03100D00F84 /* CUNavigation_FrontEnd.storyboard in Resources */ = {isa = PBXBuildFile; fileRef = A250BB452538E03100D00F84 /* CUNavigation_FrontEnd.storyboard */; };
		A2521CD3256B1BDA00E38BE0 /* StudentAccountsCategory.storyboard in Resources */ = {isa = PBXBuildFile; fileRef = A2521CD2256B1BDA00E38BE0 /* StudentAccountsCategory.storyboard */; };
		A2521CD6256B1C0300E38BE0 /* ResourcesCategory.storyboard in Resources */ = {isa = PBXBuildFile; fileRef = A2521CD5256B1C0300E38BE0 /* ResourcesCategory.storyboard */; };
		A2521CD9256B1C5800E38BE0 /* StudentAccountsViewController.swift in Sources */ = {isa = PBXBuildFile; fileRef = A2521CD8256B1C5800E38BE0 /* StudentAccountsViewController.swift */; };
		A2521CDC256B1C8100E38BE0 /* ResourcesViewController.swift in Sources */ = {isa = PBXBuildFile; fileRef = A2521CDB256B1C8100E38BE0 /* ResourcesViewController.swift */; };
		A2521CDF256B1CA700E38BE0 /* HealthandWellnessViewController.swift in Sources */ = {isa = PBXBuildFile; fileRef = A2521CDE256B1CA700E38BE0 /* HealthandWellnessViewController.swift */; };
		A2521CE3256B270D00E38BE0 /* WritingCenterViewControllerTest.swift in Sources */ = {isa = PBXBuildFile; fileRef = A2521CE2256B270D00E38BE0 /* WritingCenterViewControllerTest.swift */; };
		A2521CE6256B271A00E38BE0 /* WritingCenterCollectionViewCell.swift in Sources */ = {isa = PBXBuildFile; fileRef = A2521CE5256B271900E38BE0 /* WritingCenterCollectionViewCell.swift */; };
		A2521CE9256B272900E38BE0 /* WritingCenterClass.swift in Sources */ = {isa = PBXBuildFile; fileRef = A2521CE8256B272800E38BE0 /* WritingCenterClass.swift */; };
		A267954525AE5258000F9D28 /* schoolBuildings.json in Resources */ = {isa = PBXBuildFile; fileRef = A267954425AE5258000F9D28 /* schoolBuildings.json */; };
		A2C2EA76253F13EA00F1C925 /* CUNavigationFirstPageViewController.swift in Sources */ = {isa = PBXBuildFile; fileRef = A2C2EA75253F13EA00F1C925 /* CUNavigationFirstPageViewController.swift */; };
		A2DBE4C2259BC59000B61249 /* FreshmanCollegeClass.swift in Sources */ = {isa = PBXBuildFile; fileRef = A2DBE4C1259BC59000B61249 /* FreshmanCollegeClass.swift */; };
		A2DBE4C5259BCA2300B61249 /* FreshmanCollegeViewController.swift in Sources */ = {isa = PBXBuildFile; fileRef = A2DBE4C4259BCA2300B61249 /* FreshmanCollegeViewController.swift */; };
		A2DBE4C9259BDD3200B61249 /* FreshmanCollegeCollectionViewCell.swift in Sources */ = {isa = PBXBuildFile; fileRef = A2DBE4C8259BDD3200B61249 /* FreshmanCollegeCollectionViewCell.swift */; };
		A2DBE4D0259C03C600B61249 /* BookStoreClass.swift in Sources */ = {isa = PBXBuildFile; fileRef = A2DBE4CF259C03C500B61249 /* BookStoreClass.swift */; };
		A2DBE4D3259C03F100B61249 /* BookStoreViewController.swift in Sources */ = {isa = PBXBuildFile; fileRef = A2DBE4D2259C03F100B61249 /* BookStoreViewController.swift */; };
		A2DBE4D7259C040B00B61249 /* BookStoreCollectionViewCell.swift in Sources */ = {isa = PBXBuildFile; fileRef = A2DBE4D6259C040B00B61249 /* BookStoreCollectionViewCell.swift */; };
		A2DBE4DC259C1A7C00B61249 /* LibraryCollectionViewCell.swift in Sources */ = {isa = PBXBuildFile; fileRef = A2DBE4DB259C1A7C00B61249 /* LibraryCollectionViewCell.swift */; };
		A2DBE4DF259C1A9500B61249 /* LibraryViewController.swift in Sources */ = {isa = PBXBuildFile; fileRef = A2DBE4DE259C1A9500B61249 /* LibraryViewController.swift */; };
		A2DBE4E2259C1AA500B61249 /* LibraryClass.swift in Sources */ = {isa = PBXBuildFile; fileRef = A2DBE4E1259C1AA500B61249 /* LibraryClass.swift */; };
		A2DBE4E725A2A73D00B61249 /* H&WCollectionViewCell.swift in Sources */ = {isa = PBXBuildFile; fileRef = A2DBE4E625A2A73D00B61249 /* H&WCollectionViewCell.swift */; };
		A2DBE4F225A2A9BE00B61249 /* HealthWellness.swift in Sources */ = {isa = PBXBuildFile; fileRef = A2DBE4F125A2A9BE00B61249 /* HealthWellness.swift */; };
		A2DBE4F725A62D6B00B61249 /* gradientBackground.swift in Sources */ = {isa = PBXBuildFile; fileRef = A2DBE4F625A62D6A00B61249 /* gradientBackground.swift */; };
		A2DBE4FA25A62D8400B61249 /* gradientColors.swift in Sources */ = {isa = PBXBuildFile; fileRef = A2DBE4F925A62D8400B61249 /* gradientColors.swift */; };
		A2E61550256B09A6008952F2 /* AcademicDevelopmentCategoryViewController copy.swift in Sources */ = {isa = PBXBuildFile; fileRef = A2E6154F256B09A6008952F2 /* AcademicDevelopmentCategoryViewController copy.swift */; };
		E83366FD4423066F40F0851F /* Pods_CUNavigation.framework in Frameworks */ = {isa = PBXBuildFile; fileRef = E5761993E5A819A1EC08FC41 /* Pods_CUNavigation.framework */; };
/* End PBXBuildFile section */

/* Begin PBXFileReference section */
		484EDF8BC1B1C5AFFDAB6D8F /* Pods-CUNavigation.debug.xcconfig */ = {isa = PBXFileReference; includeInIndex = 1; lastKnownFileType = text.xcconfig; name = "Pods-CUNavigation.debug.xcconfig"; path = "Pods/Target Support Files/Pods-CUNavigation/Pods-CUNavigation.debug.xcconfig"; sourceTree = "<group>"; };
		73EB4130255B39290057B5D3 /* HealthAndWellness_StoryBoard.storyboard */ = {isa = PBXFileReference; lastKnownFileType = file.storyboard; path = HealthAndWellness_StoryBoard.storyboard; sourceTree = "<group>"; };
		7684F5F9254B6AEB00882335 /* AcademicDevelopmentCategory.storyboard */ = {isa = PBXFileReference; lastKnownFileType = file.storyboard; path = AcademicDevelopmentCategory.storyboard; sourceTree = "<group>"; };
		A21732002533AC4A00B3265F /* CUNavigation.app */ = {isa = PBXFileReference; explicitFileType = wrapper.application; includeInIndex = 0; path = CUNavigation.app; sourceTree = BUILT_PRODUCTS_DIR; };
		A21732032533AC4A00B3265F /* AppDelegate.swift */ = {isa = PBXFileReference; lastKnownFileType = sourcecode.swift; path = AppDelegate.swift; sourceTree = "<group>"; };
		A21732052533AC4A00B3265F /* ViewController.swift */ = {isa = PBXFileReference; lastKnownFileType = sourcecode.swift; path = ViewController.swift; sourceTree = "<group>"; };
		A21732082533AC4A00B3265F /* Base */ = {isa = PBXFileReference; lastKnownFileType = file.storyboard; name = Base; path = Base.lproj/Main.storyboard; sourceTree = "<group>"; };
		A217320A2533AC4D00B3265F /* Assets.xcassets */ = {isa = PBXFileReference; lastKnownFileType = folder.assetcatalog; path = Assets.xcassets; sourceTree = "<group>"; };
		A217320D2533AC4D00B3265F /* Base */ = {isa = PBXFileReference; lastKnownFileType = file.storyboard; name = Base; path = Base.lproj/LaunchScreen.storyboard; sourceTree = "<group>"; };
		A217320F2533AC4D00B3265F /* Info.plist */ = {isa = PBXFileReference; lastKnownFileType = text.plist.xml; path = Info.plist; sourceTree = "<group>"; };
		A250BB452538E03100D00F84 /* CUNavigation_FrontEnd.storyboard */ = {isa = PBXFileReference; lastKnownFileType = file.storyboard; path = CUNavigation_FrontEnd.storyboard; sourceTree = "<group>"; };
		A2521CD2256B1BDA00E38BE0 /* StudentAccountsCategory.storyboard */ = {isa = PBXFileReference; lastKnownFileType = file.storyboard; path = StudentAccountsCategory.storyboard; sourceTree = "<group>"; };
		A2521CD5256B1C0300E38BE0 /* ResourcesCategory.storyboard */ = {isa = PBXFileReference; lastKnownFileType = file.storyboard; path = ResourcesCategory.storyboard; sourceTree = "<group>"; };
		A2521CD8256B1C5800E38BE0 /* StudentAccountsViewController.swift */ = {isa = PBXFileReference; lastKnownFileType = sourcecode.swift; path = StudentAccountsViewController.swift; sourceTree = "<group>"; };
		A2521CDB256B1C8100E38BE0 /* ResourcesViewController.swift */ = {isa = PBXFileReference; lastKnownFileType = sourcecode.swift; path = ResourcesViewController.swift; sourceTree = "<group>"; };
		A2521CDE256B1CA700E38BE0 /* HealthandWellnessViewController.swift */ = {isa = PBXFileReference; lastKnownFileType = sourcecode.swift; path = HealthandWellnessViewController.swift; sourceTree = "<group>"; };
		A2521CE2256B270D00E38BE0 /* WritingCenterViewControllerTest.swift */ = {isa = PBXFileReference; fileEncoding = 4; lastKnownFileType = sourcecode.swift; path = WritingCenterViewControllerTest.swift; sourceTree = "<group>"; };
		A2521CE5256B271900E38BE0 /* WritingCenterCollectionViewCell.swift */ = {isa = PBXFileReference; fileEncoding = 4; lastKnownFileType = sourcecode.swift; path = WritingCenterCollectionViewCell.swift; sourceTree = "<group>"; };
		A2521CE8256B272800E38BE0 /* WritingCenterClass.swift */ = {isa = PBXFileReference; fileEncoding = 4; lastKnownFileType = sourcecode.swift; path = WritingCenterClass.swift; sourceTree = "<group>"; };
		A267954425AE5258000F9D28 /* schoolBuildings.json */ = {isa = PBXFileReference; fileEncoding = 4; lastKnownFileType = text.json; path = schoolBuildings.json; sourceTree = "<group>"; };
		A2C2EA75253F13EA00F1C925 /* CUNavigationFirstPageViewController.swift */ = {isa = PBXFileReference; lastKnownFileType = sourcecode.swift; path = CUNavigationFirstPageViewController.swift; sourceTree = "<group>"; };
		A2DBE4C1259BC59000B61249 /* FreshmanCollegeClass.swift */ = {isa = PBXFileReference; lastKnownFileType = sourcecode.swift; path = FreshmanCollegeClass.swift; sourceTree = "<group>"; };
		A2DBE4C4259BCA2300B61249 /* FreshmanCollegeViewController.swift */ = {isa = PBXFileReference; lastKnownFileType = sourcecode.swift; path = FreshmanCollegeViewController.swift; sourceTree = "<group>"; };
		A2DBE4C8259BDD3200B61249 /* FreshmanCollegeCollectionViewCell.swift */ = {isa = PBXFileReference; lastKnownFileType = sourcecode.swift; path = FreshmanCollegeCollectionViewCell.swift; sourceTree = "<group>"; };
		A2DBE4CF259C03C500B61249 /* BookStoreClass.swift */ = {isa = PBXFileReference; lastKnownFileType = sourcecode.swift; path = BookStoreClass.swift; sourceTree = "<group>"; };
		A2DBE4D2259C03F100B61249 /* BookStoreViewController.swift */ = {isa = PBXFileReference; lastKnownFileType = sourcecode.swift; path = BookStoreViewController.swift; sourceTree = "<group>"; };
		A2DBE4D6259C040B00B61249 /* BookStoreCollectionViewCell.swift */ = {isa = PBXFileReference; lastKnownFileType = sourcecode.swift; path = BookStoreCollectionViewCell.swift; sourceTree = "<group>"; };
		A2DBE4DB259C1A7C00B61249 /* LibraryCollectionViewCell.swift */ = {isa = PBXFileReference; lastKnownFileType = sourcecode.swift; path = LibraryCollectionViewCell.swift; sourceTree = "<group>"; };
		A2DBE4DE259C1A9500B61249 /* LibraryViewController.swift */ = {isa = PBXFileReference; lastKnownFileType = sourcecode.swift; path = LibraryViewController.swift; sourceTree = "<group>"; };
		A2DBE4E1259C1AA500B61249 /* LibraryClass.swift */ = {isa = PBXFileReference; lastKnownFileType = sourcecode.swift; path = LibraryClass.swift; sourceTree = "<group>"; };
		A2DBE4E625A2A73D00B61249 /* H&WCollectionViewCell.swift */ = {isa = PBXFileReference; lastKnownFileType = sourcecode.swift; path = "H&WCollectionViewCell.swift"; sourceTree = "<group>"; };
		A2DBE4F125A2A9BE00B61249 /* HealthWellness.swift */ = {isa = PBXFileReference; lastKnownFileType = sourcecode.swift; path = HealthWellness.swift; sourceTree = "<group>"; };
		A2DBE4F625A62D6A00B61249 /* gradientBackground.swift */ = {isa = PBXFileReference; lastKnownFileType = sourcecode.swift; path = gradientBackground.swift; sourceTree = "<group>"; };
		A2DBE4F925A62D8400B61249 /* gradientColors.swift */ = {isa = PBXFileReference; lastKnownFileType = sourcecode.swift; path = gradientColors.swift; sourceTree = "<group>"; };
		A2E6154F256B09A6008952F2 /* AcademicDevelopmentCategoryViewController copy.swift */ = {isa = PBXFileReference; fileEncoding = 4; lastKnownFileType = sourcecode.swift; path = "AcademicDevelopmentCategoryViewController copy.swift"; sourceTree = "<group>"; };
		DF9CFDA30595F067FA77FFDA /* Pods-CUNavigation.release.xcconfig */ = {isa = PBXFileReference; includeInIndex = 1; lastKnownFileType = text.xcconfig; name = "Pods-CUNavigation.release.xcconfig"; path = "Pods/Target Support Files/Pods-CUNavigation/Pods-CUNavigation.release.xcconfig"; sourceTree = "<group>"; };
		E5761993E5A819A1EC08FC41 /* Pods_CUNavigation.framework */ = {isa = PBXFileReference; explicitFileType = wrapper.framework; includeInIndex = 0; path = Pods_CUNavigation.framework; sourceTree = BUILT_PRODUCTS_DIR; };
/* End PBXFileReference section */

/* Begin PBXFrameworksBuildPhase section */
		A21731FD2533AC4900B3265F /* Frameworks */ = {
			isa = PBXFrameworksBuildPhase;
			buildActionMask = 2147483647;
			files = (
				E83366FD4423066F40F0851F /* Pods_CUNavigation.framework in Frameworks */,
			);
			runOnlyForDeploymentPostprocessing = 0;
		};
/* End PBXFrameworksBuildPhase section */

/* Begin PBXGroup section */
		A21731F72533AC4900B3265F = {
			isa = PBXGroup;
			children = (
				A21732022533AC4A00B3265F /* CUNavigation */,
				A21732012533AC4A00B3265F /* Products */,
				FFF9EEB2C989521490D5EB8D /* Pods */,
				ECC0CADE122ED7C68BAA3FDD /* Frameworks */,
			);
			sourceTree = "<group>";
		};
		A21732012533AC4A00B3265F /* Products */ = {
			isa = PBXGroup;
			children = (
				A21732002533AC4A00B3265F /* CUNavigation.app */,
			);
			name = Products;
			sourceTree = "<group>";
		};
		A21732022533AC4A00B3265F /* CUNavigation */ = {
			isa = PBXGroup;
			children = (
				A21732072533AC4A00B3265F /* Main.storyboard */,
				7684F5F9254B6AEB00882335 /* AcademicDevelopmentCategory.storyboard */,
				A250BB452538E03100D00F84 /* CUNavigation_FrontEnd.storyboard */,
				73EB4130255B39290057B5D3 /* HealthAndWellness_StoryBoard.storyboard */,
				A2521CD5256B1C0300E38BE0 /* ResourcesCategory.storyboard */,
				A2521CD2256B1BDA00E38BE0 /* StudentAccountsCategory.storyboard */,
				A2C2EA75253F13EA00F1C925 /* CUNavigationFirstPageViewController.swift */,
				A21732052533AC4A00B3265F /* ViewController.swift */,
				A21732032533AC4A00B3265F /* AppDelegate.swift */,
				A2E6154F256B09A6008952F2 /* AcademicDevelopmentCategoryViewController copy.swift */,
				A2521CD8256B1C5800E38BE0 /* StudentAccountsViewController.swift */,
				A2521CDB256B1C8100E38BE0 /* ResourcesViewController.swift */,
				A2521CDE256B1CA700E38BE0 /* HealthandWellnessViewController.swift */,
				A2DBE4F625A62D6A00B61249 /* gradientBackground.swift */,
				A2DBE4F925A62D8400B61249 /* gradientColors.swift */,
				A2DBE4E625A2A73D00B61249 /* H&WCollectionViewCell.swift */,
				A2DBE4F125A2A9BE00B61249 /* HealthWellness.swift */,
				A267954425AE5258000F9D28 /* schoolBuildings.json */,
				A2DBE4E4259C1AB600B61249 /* Library Resource Category */,
				A2DBE4D9259C041300B61249 /* BookStore Resource Cagtegory */,
				A2DBE4CB259BE67600B61249 /* Writing Center Resource Category */,
				A2DBE4CD259BEAA100B61249 /* Freshman College Resource Category */,
				A217320A2533AC4D00B3265F /* Assets.xcassets */,
				A217320C2533AC4D00B3265F /* LaunchScreen.storyboard */,
				A217320F2533AC4D00B3265F /* Info.plist */,
			);
			path = CUNavigation;
			sourceTree = "<group>";
		};
		A2DBE4CB259BE67600B61249 /* Writing Center Resource Category */ = {
			isa = PBXGroup;
			children = (
				A2521CE8256B272800E38BE0 /* WritingCenterClass.swift */,
				A2521CE2256B270D00E38BE0 /* WritingCenterViewControllerTest.swift */,
				A2521CE5256B271900E38BE0 /* WritingCenterCollectionViewCell.swift */,
			);
			path = "Writing Center Resource Category";
			sourceTree = "<group>";
		};
		A2DBE4CD259BEAA100B61249 /* Freshman College Resource Category */ = {
			isa = PBXGroup;
			children = (
				A2DBE4C4259BCA2300B61249 /* FreshmanCollegeViewController.swift */,
				A2DBE4C8259BDD3200B61249 /* FreshmanCollegeCollectionViewCell.swift */,
				A2DBE4C1259BC59000B61249 /* FreshmanCollegeClass.swift */,
			);
			path = "Freshman College Resource Category";
			sourceTree = "<group>";
		};
		A2DBE4D9259C041300B61249 /* BookStore Resource Cagtegory */ = {
			isa = PBXGroup;
			children = (
				A2DBE4CF259C03C500B61249 /* BookStoreClass.swift */,
				A2DBE4D2259C03F100B61249 /* BookStoreViewController.swift */,
				A2DBE4D6259C040B00B61249 /* BookStoreCollectionViewCell.swift */,
			);
			path = "BookStore Resource Cagtegory";
			sourceTree = "<group>";
		};
		A2DBE4E4259C1AB600B61249 /* Library Resource Category */ = {
			isa = PBXGroup;
			children = (
				A2DBE4DB259C1A7C00B61249 /* LibraryCollectionViewCell.swift */,
				A2DBE4DE259C1A9500B61249 /* LibraryViewController.swift */,
				A2DBE4E1259C1AA500B61249 /* LibraryClass.swift */,
			);
			path = "Library Resource Category";
			sourceTree = "<group>";
		};
		ECC0CADE122ED7C68BAA3FDD /* Frameworks */ = {
			isa = PBXGroup;
			children = (
				E5761993E5A819A1EC08FC41 /* Pods_CUNavigation.framework */,
			);
			name = Frameworks;
			sourceTree = "<group>";
		};
		FFF9EEB2C989521490D5EB8D /* Pods */ = {
			isa = PBXGroup;
			children = (
				484EDF8BC1B1C5AFFDAB6D8F /* Pods-CUNavigation.debug.xcconfig */,
				DF9CFDA30595F067FA77FFDA /* Pods-CUNavigation.release.xcconfig */,
			);
			name = Pods;
			sourceTree = "<group>";
		};
/* End PBXGroup section */

/* Begin PBXNativeTarget section */
		A21731FF2533AC4900B3265F /* CUNavigation */ = {
			isa = PBXNativeTarget;
			buildConfigurationList = A21732122533AC4D00B3265F /* Build configuration list for PBXNativeTarget "CUNavigation" */;
			buildPhases = (
				259CE0634E898EB88999C5C0 /* [CP] Check Pods Manifest.lock */,
				A21731FC2533AC4900B3265F /* Sources */,
				A21731FD2533AC4900B3265F /* Frameworks */,
				A21731FE2533AC4900B3265F /* Resources */,
				188596122E9B67A20479CB26 /* [CP] Embed Pods Frameworks */,
				012BA2B442A2670B54B8E679 /* [CP] Copy Pods Resources */,
			);
			buildRules = (
			);
			dependencies = (
			);
			name = CUNavigation;
			productName = CUNavigation;
			productReference = A21732002533AC4A00B3265F /* CUNavigation.app */;
			productType = "com.apple.product-type.application";
		};
/* End PBXNativeTarget section */

/* Begin PBXProject section */
		A21731F82533AC4900B3265F /* Project object */ = {
			isa = PBXProject;
			attributes = {
				LastSwiftUpdateCheck = 1010;
				LastUpgradeCheck = 1010;
				ORGANIZATIONNAME = "Amarachi Kalu-Onuma";
				TargetAttributes = {
					A21731FF2533AC4900B3265F = {
						CreatedOnToolsVersion = 10.1;
					};
				};
			};
			buildConfigurationList = A21731FB2533AC4900B3265F /* Build configuration list for PBXProject "CUNavigation" */;
			compatibilityVersion = "Xcode 9.3";
			developmentRegion = en;
			hasScannedForEncodings = 0;
			knownRegions = (
				en,
				Base,
			);
			mainGroup = A21731F72533AC4900B3265F;
			productRefGroup = A21732012533AC4A00B3265F /* Products */;
			projectDirPath = "";
			projectRoot = "";
			targets = (
				A21731FF2533AC4900B3265F /* CUNavigation */,
			);
		};
/* End PBXProject section */

/* Begin PBXResourcesBuildPhase section */
		A21731FE2533AC4900B3265F /* Resources */ = {
			isa = PBXResourcesBuildPhase;
			buildActionMask = 2147483647;
			files = (
				7684F5FA254B6AEB00882335 /* AcademicDevelopmentCategory.storyboard in Resources */,
				A250BB462538E03100D00F84 /* CUNavigation_FrontEnd.storyboard in Resources */,
				73EB4131255B39290057B5D3 /* HealthAndWellness_StoryBoard.storyboard in Resources */,
				A267954525AE5258000F9D28 /* schoolBuildings.json in Resources */,
				A217320E2533AC4D00B3265F /* LaunchScreen.storyboard in Resources */,
				A2521CD6256B1C0300E38BE0 /* ResourcesCategory.storyboard in Resources */,
				A217320B2533AC4D00B3265F /* Assets.xcassets in Resources */,
				A2521CD3256B1BDA00E38BE0 /* StudentAccountsCategory.storyboard in Resources */,
				A21732092533AC4A00B3265F /* Main.storyboard in Resources */,
			);
			runOnlyForDeploymentPostprocessing = 0;
		};
/* End PBXResourcesBuildPhase section */

/* Begin PBXShellScriptBuildPhase section */
		012BA2B442A2670B54B8E679 /* [CP] Copy Pods Resources */ = {
			isa = PBXShellScriptBuildPhase;
			buildActionMask = 2147483647;
			files = (
			);
			inputFileListPaths = (
				"${PODS_ROOT}/Target Support Files/Pods-CUNavigation/Pods-CUNavigation-resources-${CONFIGURATION}-input-files.xcfilelist",
			);
			name = "[CP] Copy Pods Resources";
			outputFileListPaths = (
				"${PODS_ROOT}/Target Support Files/Pods-CUNavigation/Pods-CUNavigation-resources-${CONFIGURATION}-output-files.xcfilelist",
			);
			runOnlyForDeploymentPostprocessing = 0;
			shellPath = /bin/sh;
			shellScript = "\"${PODS_ROOT}/Target Support Files/Pods-CUNavigation/Pods-CUNavigation-resources.sh\"\n";
			showEnvVarsInLog = 0;
		};
		188596122E9B67A20479CB26 /* [CP] Embed Pods Frameworks */ = {
			isa = PBXShellScriptBuildPhase;
			buildActionMask = 2147483647;
			files = (
			);
			inputFileListPaths = (
				"${PODS_ROOT}/Target Support Files/Pods-CUNavigation/Pods-CUNavigation-frameworks-${CONFIGURATION}-input-files.xcfilelist",
			);
			name = "[CP] Embed Pods Frameworks";
			outputFileListPaths = (
				"${PODS_ROOT}/Target Support Files/Pods-CUNavigation/Pods-CUNavigation-frameworks-${CONFIGURATION}-output-files.xcfilelist",
			);
			runOnlyForDeploymentPostprocessing = 0;
			shellPath = /bin/sh;
			shellScript = "\"${PODS_ROOT}/Target Support Files/Pods-CUNavigation/Pods-CUNavigation-frameworks.sh\"\n";
			showEnvVarsInLog = 0;
		};
		259CE0634E898EB88999C5C0 /* [CP] Check Pods Manifest.lock */ = {
			isa = PBXShellScriptBuildPhase;
			buildActionMask = 2147483647;
			files = (
			);
			inputPaths = (
				"${PODS_PODFILE_DIR_PATH}/Podfile.lock",
				"${PODS_ROOT}/Manifest.lock",
			);
			name = "[CP] Check Pods Manifest.lock";
			outputPaths = (
				"$(DERIVED_FILE_DIR)/Pods-CUNavigation-checkManifestLockResult.txt",
			);
			runOnlyForDeploymentPostprocessing = 0;
			shellPath = /bin/sh;
			shellScript = "diff \"${PODS_PODFILE_DIR_PATH}/Podfile.lock\" \"${PODS_ROOT}/Manifest.lock\" > /dev/null\nif [ $? != 0 ] ; then\n    # print error to STDERR\n    echo \"error: The sandbox is not in sync with the Podfile.lock. Run 'pod install' or update your CocoaPods installation.\" >&2\n    exit 1\nfi\n# This output is used by Xcode 'outputs' to avoid re-running this script phase.\necho \"SUCCESS\" > \"${SCRIPT_OUTPUT_FILE_0}\"\n";
			showEnvVarsInLog = 0;
		};
/* End PBXShellScriptBuildPhase section */

/* Begin PBXSourcesBuildPhase section */
		A21731FC2533AC4900B3265F /* Sources */ = {
			isa = PBXSourcesBuildPhase;
			buildActionMask = 2147483647;
			files = (
				A2DBE4C5259BCA2300B61249 /* FreshmanCollegeViewController.swift in Sources */,
				A2DBE4DC259C1A7C00B61249 /* LibraryCollectionViewCell.swift in Sources */,
				A2DBE4D7259C040B00B61249 /* BookStoreCollectionViewCell.swift in Sources */,
				A2521CDF256B1CA700E38BE0 /* HealthandWellnessViewController.swift in Sources */,
				A2521CE6256B271A00E38BE0 /* WritingCenterCollectionViewCell.swift in Sources */,
				A2DBE4D0259C03C600B61249 /* BookStoreClass.swift in Sources */,
				A2DBE4F225A2A9BE00B61249 /* HealthWellness.swift in Sources */,
				A2DBE4E725A2A73D00B61249 /* H&WCollectionViewCell.swift in Sources */,
				A2521CDC256B1C8100E38BE0 /* ResourcesViewController.swift in Sources */,
				A2DBE4E2259C1AA500B61249 /* LibraryClass.swift in Sources */,
				A2521CD9256B1C5800E38BE0 /* StudentAccountsViewController.swift in Sources */,
				A2DBE4FA25A62D8400B61249 /* gradientColors.swift in Sources */,
				A2C2EA76253F13EA00F1C925 /* CUNavigationFirstPageViewController.swift in Sources */,
				A2521CE3256B270D00E38BE0 /* WritingCenterViewControllerTest.swift in Sources */,
				A2E61550256B09A6008952F2 /* AcademicDevelopmentCategoryViewController copy.swift in Sources */,
				A21732062533AC4A00B3265F /* ViewController.swift in Sources */,
				A2521CE9256B272900E38BE0 /* WritingCenterClass.swift in Sources */,
				A21732042533AC4A00B3265F /* AppDelegate.swift in Sources */,
				A2DBE4F725A62D6B00B61249 /* gradientBackground.swift in Sources */,
				A2DBE4C9259BDD3200B61249 /* FreshmanCollegeCollectionViewCell.swift in Sources */,
				A2DBE4C2259BC59000B61249 /* FreshmanCollegeClass.swift in Sources */,
				A2DBE4DF259C1A9500B61249 /* LibraryViewController.swift in Sources */,
				A2DBE4D3259C03F100B61249 /* BookStoreViewController.swift in Sources */,
			);
			runOnlyForDeploymentPostprocessing = 0;
		};
/* End PBXSourcesBuildPhase section */

/* Begin PBXVariantGroup section */
		A21732072533AC4A00B3265F /* Main.storyboard */ = {
			isa = PBXVariantGroup;
			children = (
				A21732082533AC4A00B3265F /* Base */,
			);
			name = Main.storyboard;
			sourceTree = "<group>";
		};
		A217320C2533AC4D00B3265F /* LaunchScreen.storyboard */ = {
			isa = PBXVariantGroup;
			children = (
				A217320D2533AC4D00B3265F /* Base */,
			);
			name = LaunchScreen.storyboard;
			sourceTree = "<group>";
		};
/* End PBXVariantGroup section */

/* Begin XCBuildConfiguration section */
		A21732102533AC4D00B3265F /* Debug */ = {
			isa = XCBuildConfiguration;
			buildSettings = {
				ALWAYS_SEARCH_USER_PATHS = NO;
				CLANG_ANALYZER_NONNULL = YES;
				CLANG_ANALYZER_NUMBER_OBJECT_CONVERSION = YES_AGGRESSIVE;
				CLANG_CXX_LANGUAGE_STANDARD = "gnu++14";
				CLANG_CXX_LIBRARY = "libc++";
				CLANG_ENABLE_MODULES = YES;
				CLANG_ENABLE_OBJC_ARC = YES;
				CLANG_ENABLE_OBJC_WEAK = YES;
				CLANG_WARN_BLOCK_CAPTURE_AUTORELEASING = YES;
				CLANG_WARN_BOOL_CONVERSION = YES;
				CLANG_WARN_COMMA = YES;
				CLANG_WARN_CONSTANT_CONVERSION = YES;
				CLANG_WARN_DEPRECATED_OBJC_IMPLEMENTATIONS = YES;
				CLANG_WARN_DIRECT_OBJC_ISA_USAGE = YES_ERROR;
				CLANG_WARN_DOCUMENTATION_COMMENTS = YES;
				CLANG_WARN_EMPTY_BODY = YES;
				CLANG_WARN_ENUM_CONVERSION = YES;
				CLANG_WARN_INFINITE_RECURSION = YES;
				CLANG_WARN_INT_CONVERSION = YES;
				CLANG_WARN_NON_LITERAL_NULL_CONVERSION = YES;
				CLANG_WARN_OBJC_IMPLICIT_RETAIN_SELF = YES;
				CLANG_WARN_OBJC_LITERAL_CONVERSION = YES;
				CLANG_WARN_OBJC_ROOT_CLASS = YES_ERROR;
				CLANG_WARN_RANGE_LOOP_ANALYSIS = YES;
				CLANG_WARN_STRICT_PROTOTYPES = YES;
				CLANG_WARN_SUSPICIOUS_MOVE = YES;
				CLANG_WARN_UNGUARDED_AVAILABILITY = YES_AGGRESSIVE;
				CLANG_WARN_UNREACHABLE_CODE = YES;
				CLANG_WARN__DUPLICATE_METHOD_MATCH = YES;
				CODE_SIGN_IDENTITY = "iPhone Developer";
				COPY_PHASE_STRIP = NO;
				DEBUG_INFORMATION_FORMAT = dwarf;
				ENABLE_STRICT_OBJC_MSGSEND = YES;
				ENABLE_TESTABILITY = YES;
				GCC_C_LANGUAGE_STANDARD = gnu11;
				GCC_DYNAMIC_NO_PIC = NO;
				GCC_NO_COMMON_BLOCKS = YES;
				GCC_OPTIMIZATION_LEVEL = 0;
				GCC_PREPROCESSOR_DEFINITIONS = (
					"DEBUG=1",
					"$(inherited)",
				);
				GCC_WARN_64_TO_32_BIT_CONVERSION = YES;
				GCC_WARN_ABOUT_RETURN_TYPE = YES_ERROR;
				GCC_WARN_UNDECLARED_SELECTOR = YES;
				GCC_WARN_UNINITIALIZED_AUTOS = YES_AGGRESSIVE;
				GCC_WARN_UNUSED_FUNCTION = YES;
				GCC_WARN_UNUSED_VARIABLE = YES;
				IPHONEOS_DEPLOYMENT_TARGET = 12.1;
				MTL_ENABLE_DEBUG_INFO = INCLUDE_SOURCE;
				MTL_FAST_MATH = YES;
				ONLY_ACTIVE_ARCH = YES;
				SDKROOT = iphoneos;
				SWIFT_ACTIVE_COMPILATION_CONDITIONS = DEBUG;
				SWIFT_OPTIMIZATION_LEVEL = "-Onone";
			};
			name = Debug;
		};
		A21732112533AC4D00B3265F /* Release */ = {
			isa = XCBuildConfiguration;
			buildSettings = {
				ALWAYS_SEARCH_USER_PATHS = NO;
				CLANG_ANALYZER_NONNULL = YES;
				CLANG_ANALYZER_NUMBER_OBJECT_CONVERSION = YES_AGGRESSIVE;
				CLANG_CXX_LANGUAGE_STANDARD = "gnu++14";
				CLANG_CXX_LIBRARY = "libc++";
				CLANG_ENABLE_MODULES = YES;
				CLANG_ENABLE_OBJC_ARC = YES;
				CLANG_ENABLE_OBJC_WEAK = YES;
				CLANG_WARN_BLOCK_CAPTURE_AUTORELEASING = YES;
				CLANG_WARN_BOOL_CONVERSION = YES;
				CLANG_WARN_COMMA = YES;
				CLANG_WARN_CONSTANT_CONVERSION = YES;
				CLANG_WARN_DEPRECATED_OBJC_IMPLEMENTATIONS = YES;
				CLANG_WARN_DIRECT_OBJC_ISA_USAGE = YES_ERROR;
				CLANG_WARN_DOCUMENTATION_COMMENTS = YES;
				CLANG_WARN_EMPTY_BODY = YES;
				CLANG_WARN_ENUM_CONVERSION = YES;
				CLANG_WARN_INFINITE_RECURSION = YES;
				CLANG_WARN_INT_CONVERSION = YES;
				CLANG_WARN_NON_LITERAL_NULL_CONVERSION = YES;
				CLANG_WARN_OBJC_IMPLICIT_RETAIN_SELF = YES;
				CLANG_WARN_OBJC_LITERAL_CONVERSION = YES;
				CLANG_WARN_OBJC_ROOT_CLASS = YES_ERROR;
				CLANG_WARN_RANGE_LOOP_ANALYSIS = YES;
				CLANG_WARN_STRICT_PROTOTYPES = YES;
				CLANG_WARN_SUSPICIOUS_MOVE = YES;
				CLANG_WARN_UNGUARDED_AVAILABILITY = YES_AGGRESSIVE;
				CLANG_WARN_UNREACHABLE_CODE = YES;
				CLANG_WARN__DUPLICATE_METHOD_MATCH = YES;
				CODE_SIGN_IDENTITY = "iPhone Developer";
				COPY_PHASE_STRIP = NO;
				DEBUG_INFORMATION_FORMAT = "dwarf-with-dsym";
				ENABLE_NS_ASSERTIONS = NO;
				ENABLE_STRICT_OBJC_MSGSEND = YES;
				GCC_C_LANGUAGE_STANDARD = gnu11;
				GCC_NO_COMMON_BLOCKS = YES;
				GCC_WARN_64_TO_32_BIT_CONVERSION = YES;
				GCC_WARN_ABOUT_RETURN_TYPE = YES_ERROR;
				GCC_WARN_UNDECLARED_SELECTOR = YES;
				GCC_WARN_UNINITIALIZED_AUTOS = YES_AGGRESSIVE;
				GCC_WARN_UNUSED_FUNCTION = YES;
				GCC_WARN_UNUSED_VARIABLE = YES;
				IPHONEOS_DEPLOYMENT_TARGET = 12.1;
				MTL_ENABLE_DEBUG_INFO = NO;
				MTL_FAST_MATH = YES;
				SDKROOT = iphoneos;
				SWIFT_COMPILATION_MODE = wholemodule;
				SWIFT_OPTIMIZATION_LEVEL = "-O";
				VALIDATE_PRODUCT = YES;
			};
			name = Release;
		};
		A21732132533AC4D00B3265F /* Debug */ = {
			isa = XCBuildConfiguration;
			baseConfigurationReference = 484EDF8BC1B1C5AFFDAB6D8F /* Pods-CUNavigation.debug.xcconfig */;
			buildSettings = {
				ASSETCATALOG_COMPILER_APPICON_NAME = AppIcon;
				CODE_SIGN_STYLE = Automatic;
				INFOPLIST_FILE = CUNavigation/Info.plist;
				IPHONEOS_DEPLOYMENT_TARGET = 13.0;
				LD_RUNPATH_SEARCH_PATHS = (
					"$(inherited)",
					"@executable_path/Frameworks",
				);
				PRODUCT_BUNDLE_IDENTIFIER = com.Amarachi.CUNavigation;
				PRODUCT_NAME = "$(TARGET_NAME)";
				SWIFT_VERSION = 4.2;
				TARGETED_DEVICE_FAMILY = "1,2";
			};
			name = Debug;
		};
		A21732142533AC4D00B3265F /* Release */ = {
			isa = XCBuildConfiguration;
			baseConfigurationReference = DF9CFDA30595F067FA77FFDA /* Pods-CUNavigation.release.xcconfig */;
			buildSettings = {
				ASSETCATALOG_COMPILER_APPICON_NAME = AppIcon;
				CODE_SIGN_STYLE = Automatic;
				INFOPLIST_FILE = CUNavigation/Info.plist;
				IPHONEOS_DEPLOYMENT_TARGET = 13.0;
				LD_RUNPATH_SEARCH_PATHS = (
					"$(inherited)",
					"@executable_path/Frameworks",
				);
				PRODUCT_BUNDLE_IDENTIFIER = com.Amarachi.CUNavigation;
				PRODUCT_NAME = "$(TARGET_NAME)";
				SWIFT_VERSION = 4.2;
				TARGETED_DEVICE_FAMILY = "1,2";
			};
			name = Release;
		};
/* End XCBuildConfiguration section */

/* Begin XCConfigurationList section */
		A21731FB2533AC4900B3265F /* Build configuration list for PBXProject "CUNavigation" */ = {
			isa = XCConfigurationList;
			buildConfigurations = (
				A21732102533AC4D00B3265F /* Debug */,
				A21732112533AC4D00B3265F /* Release */,
			);
			defaultConfigurationIsVisible = 0;
			defaultConfigurationName = Release;
		};
		A21732122533AC4D00B3265F /* Build configuration list for PBXNativeTarget "CUNavigation" */ = {
			isa = XCConfigurationList;
			buildConfigurations = (
				A21732132533AC4D00B3265F /* Debug */,
				A21732142533AC4D00B3265F /* Release */,
			);
			defaultConfigurationIsVisible = 0;
			defaultConfigurationName = Release;
		};
/* End XCConfigurationList section */
	};
	rootObject = A21731F82533AC4900B3265F /* Project object */;
}
